
Microsoft Visual Studio Solution File, Format Version 12.00
# Visual Studio Version 17
VisualStudioVersion = 17.6.33815.320
MinimumVisualStudioVersion = 10.0.40219.1
Project("{9A19103F-16F7-4668-BE54-9A1E7A4F7556}") = "FirstApp", "FirstApp\FirstApp.csproj", "{0FF34480-C6DE-4294-A6EA-CF1B933E60C8}"
EndProject
Project("{9A19103F-16F7-4668-BE54-9A1E7A4F7556}") = "ReverseReading", "Lesson_2\ReverseReading\ReverseReading.csproj", "{6B7DE00B-08EC-48EF-9FAD-6CBC2D419267}"
EndProject
Project("{9A19103F-16F7-4668-BE54-9A1E7A4F7556}") = "SquareNumber", "Lesson_2\SquareNumber\SquareNumber.csproj", "{D9A5A38D-64B8-4604-AB76-5CDB853BE720}"
EndProject
Project("{9A19103F-16F7-4668-BE54-9A1E7A4F7556}") = "ReorderingOfNumbers", "Lesson_2\ReorderingOfNumbers\ReorderingOfNumbers.csproj", "{C41A2C7E-522B-43C2-834D-6B6DCC9A8CBE}"
EndProject
Project("{9A19103F-16F7-4668-BE54-9A1E7A4F7556}") = "ArithmeticMeanOfTwoNumbers", "Lesson_2\ArithmeticMeanOfTwoNumbers\ArithmeticMeanOfTwoNumbers.csproj", "{A7995797-B4FE-4874-8FD9-465012CFC7CB}"
EndProject
Project("{9A19103F-16F7-4668-BE54-9A1E7A4F7556}") = "SwapVariables", "Lesson_2\SwapVariables\SwapVariables.csproj", "{CE56E445-CF61-4AA8-B67C-0E067D4F9920}"
EndProject
Project("{FAE04EC0-301F-11D3-BF4B-00C04F79EFBC}") = "EvenOrOdd", "Lesson_3\EvenOrOdd\EvenOrOdd.csproj", "{1302473E-A03A-4AA1-92A0-C141877F417B}"
EndProject
Project("{FAE04EC0-301F-11D3-BF4B-00C04F79EFBC}") = "MoreOrLess", "Lesson_3\MoreOrLess\MoreOrLess.csproj", "{590B6B1F-D978-406C-8A26-9398F8CA1D91}"
EndProject
Global
	GlobalSection(SolutionConfigurationPlatforms) = preSolution
		Debug|Any CPU = Debug|Any CPU
		Release|Any CPU = Release|Any CPU
	EndGlobalSection
	GlobalSection(ProjectConfigurationPlatforms) = postSolution
		{0FF34480-C6DE-4294-A6EA-CF1B933E60C8}.Debug|Any CPU.ActiveCfg = Debug|Any CPU
		{0FF34480-C6DE-4294-A6EA-CF1B933E60C8}.Debug|Any CPU.Build.0 = Debug|Any CPU
		{0FF34480-C6DE-4294-A6EA-CF1B933E60C8}.Release|Any CPU.ActiveCfg = Release|Any CPU
		{0FF34480-C6DE-4294-A6EA-CF1B933E60C8}.Release|Any CPU.Build.0 = Release|Any CPU
		{6B7DE00B-08EC-48EF-9FAD-6CBC2D419267}.Debug|Any CPU.ActiveCfg = Debug|Any CPU
		{6B7DE00B-08EC-48EF-9FAD-6CBC2D419267}.Debug|Any CPU.Build.0 = Debug|Any CPU
		{6B7DE00B-08EC-48EF-9FAD-6CBC2D419267}.Release|Any CPU.ActiveCfg = Release|Any CPU
		{6B7DE00B-08EC-48EF-9FAD-6CBC2D419267}.Release|Any CPU.Build.0 = Release|Any CPU
		{D9A5A38D-64B8-4604-AB76-5CDB853BE720}.Debug|Any CPU.ActiveCfg = Debug|Any CPU
		{D9A5A38D-64B8-4604-AB76-5CDB853BE720}.Debug|Any CPU.Build.0 = Debug|Any CPU
		{D9A5A38D-64B8-4604-AB76-5CDB853BE720}.Release|Any CPU.ActiveCfg = Release|Any CPU
		{D9A5A38D-64B8-4604-AB76-5CDB853BE720}.Release|Any CPU.Build.0 = Release|Any CPU
		{C41A2C7E-522B-43C2-834D-6B6DCC9A8CBE}.Debug|Any CPU.ActiveCfg = Debug|Any CPU
		{C41A2C7E-522B-43C2-834D-6B6DCC9A8CBE}.Debug|Any CPU.Build.0 = Debug|Any CPU
		{C41A2C7E-522B-43C2-834D-6B6DCC9A8CBE}.Release|Any CPU.ActiveCfg = Release|Any CPU
		{C41A2C7E-522B-43C2-834D-6B6DCC9A8CBE}.Release|Any CPU.Build.0 = Release|Any CPU
		{A7995797-B4FE-4874-8FD9-465012CFC7CB}.Debug|Any CPU.ActiveCfg = Debug|Any CPU
		{A7995797-B4FE-4874-8FD9-465012CFC7CB}.Debug|Any CPU.Build.0 = Debug|Any CPU
		{A7995797-B4FE-4874-8FD9-465012CFC7CB}.Release|Any CPU.ActiveCfg = Release|Any CPU
		{A7995797-B4FE-4874-8FD9-465012CFC7CB}.Release|Any CPU.Build.0 = Release|Any CPU
		{CE56E445-CF61-4AA8-B67C-0E067D4F9920}.Debug|Any CPU.ActiveCfg = Debug|Any CPU
		{CE56E445-CF61-4AA8-B67C-0E067D4F9920}.Debug|Any CPU.Build.0 = Debug|Any CPU
		{CE56E445-CF61-4AA8-B67C-0E067D4F9920}.Release|Any CPU.ActiveCfg = Release|Any CPU
		{CE56E445-CF61-4AA8-B67C-0E067D4F9920}.Release|Any CPU.Build.0 = Release|Any CPU
		{1302473E-A03A-4AA1-92A0-C141877F417B}.Debug|Any CPU.ActiveCfg = Debug|Any CPU
		{1302473E-A03A-4AA1-92A0-C141877F417B}.Debug|Any CPU.Build.0 = Debug|Any CPU
		{1302473E-A03A-4AA1-92A0-C141877F417B}.Release|Any CPU.ActiveCfg = Release|Any CPU
		{1302473E-A03A-4AA1-92A0-C141877F417B}.Release|Any CPU.Build.0 = Release|Any CPU
		{590B6B1F-D978-406C-8A26-9398F8CA1D91}.Debug|Any CPU.ActiveCfg = Debug|Any CPU
		{590B6B1F-D978-406C-8A26-9398F8CA1D91}.Debug|Any CPU.Build.0 = Debug|Any CPU
		{590B6B1F-D978-406C-8A26-9398F8CA1D91}.Release|Any CPU.ActiveCfg = Release|Any CPU
		{590B6B1F-D978-406C-8A26-9398F8CA1D91}.Release|Any CPU.Build.0 = Release|Any CPU
	EndGlobalSection
	GlobalSection(SolutionProperties) = preSolution
		HideSolutionNode = FALSE
	EndGlobalSection
	GlobalSection(ExtensibilityGlobals) = postSolution
		SolutionGuid = {81AF006C-2F29-4AA2-A5D1-483B955B63A1}
	EndGlobalSection
EndGlobal
