
Microsoft Visual Studio Solution File, Format Version 12.00
# Visual Studio Version 17
VisualStudioVersion = 17.6.33815.320
MinimumVisualStudioVersion = 10.0.40219.1
Project("{9A19103F-16F7-4668-BE54-9A1E7A4F7556}") = "FirstApp", "FirstApp\FirstApp.csproj", "{0FF34480-C6DE-4294-A6EA-CF1B933E60C8}"
EndProject
Project("{9A19103F-16F7-4668-BE54-9A1E7A4F7556}") = "ReverseReading", "Lesson_2\ReverseReading\ReverseReading.csproj", "{6B7DE00B-08EC-48EF-9FAD-6CBC2D419267}"
EndProject
Project("{9A19103F-16F7-4668-BE54-9A1E7A4F7556}") = "SquareNumber", "Lesson_2\SquareNumber\SquareNumber.csproj", "{D9A5A38D-64B8-4604-AB76-5CDB853BE720}"
EndProject
Project("{9A19103F-16F7-4668-BE54-9A1E7A4F7556}") = "ReorderingOfNumbers", "Lesson_2\ReorderingOfNumbers\ReorderingOfNumbers.csproj", "{C41A2C7E-522B-43C2-834D-6B6DCC9A8CBE}"
EndProject
Project("{9A19103F-16F7-4668-BE54-9A1E7A4F7556}") = "ArithmeticMeanOfTwoNumbers", "Lesson_2\ArithmeticMeanOfTwoNumbers\ArithmeticMeanOfTwoNumbers.csproj", "{A7995797-B4FE-4874-8FD9-465012CFC7CB}"
EndProject
Project("{9A19103F-16F7-4668-BE54-9A1E7A4F7556}") = "SwapVariables", "Lesson_2\SwapVariables\SwapVariables.csproj", "{CE56E445-CF61-4AA8-B67C-0E067D4F9920}"
EndProject
Project("{9A19103F-16F7-4668-BE54-9A1E7A4F7556}") = "EvenOrOdd", "Lesson_3\EvenOrOdd\EvenOrOdd.csproj", "{1302473E-A03A-4AA1-92A0-C141877F417B}"
EndProject
Project("{9A19103F-16F7-4668-BE54-9A1E7A4F7556}") = "MoreOrLess", "Lesson_3\MoreOrLess\MoreOrLess.csproj", "{590B6B1F-D978-406C-8A26-9398F8CA1D91}"
EndProject
Project("{9A19103F-16F7-4668-BE54-9A1E7A4F7556}") = "DayOfTheWeek", "Lesson_3\DayOfTheWeek\DayOfTheWeek.csproj", "{87A6D059-2615-443F-9C3E-59A5C3FAF87D}"
EndProject
Project("{9A19103F-16F7-4668-BE54-9A1E7A4F7556}") = "TimeOfTheYear", "Lesson_3\TimeOfTheYear\TimeOfTheYear.csproj", "{D3549B0F-94B3-4772-B37B-231952BA77BB}"
EndProject
Project("{9A19103F-16F7-4668-BE54-9A1E7A4F7556}") = "MultiplicityOfNumbers", "Lesson_3\MultiplicityOfNumbers\MultiplicityOfNumbers.csproj", "{13C6A4E6-F165-421E-978D-278C4BF7DC3F}"
EndProject
Project("{9A19103F-16F7-4668-BE54-9A1E7A4F7556}") = "GuessThePassword", "Lesson_4\GuessThePassword\GuessThePassword.csproj", "{73065A6C-FE53-4553-B4F4-6F80DF1C11C2}"
EndProject
Project("{9A19103F-16F7-4668-BE54-9A1E7A4F7556}") = "GuessTheNumber", "Lesson_4\GuessTheNumber\GuessTheNumber.csproj", "{9DEAE5EE-816D-469D-AF92-AB2F3D4035DE}"
EndProject
Project("{2150E333-8FDC-42A3-9474-1A3956D46DE8}") = "Solution Items", "Solution Items", "{BDFA55A2-D2C8-4E0E-8A92-2523938D42FD}"
	ProjectSection(SolutionItems) = preProject
		.editorconfig = .editorconfig
	EndProjectSection
EndProject
Project("{9A19103F-16F7-4668-BE54-9A1E7A4F7556}") = "SimpleNumberOrNot", "Lesson_4\SimpleNumberOrNot\SimpleNumberOrNot.csproj", "{86CA1109-7879-4EFB-B4CC-EAA7154AD902}"
EndProject
Project("{9A19103F-16F7-4668-BE54-9A1E7A4F7556}") = "AddElementBeforeArray", "Lesson_5\AddElementBeforeArray\AddElementBeforeArray.csproj", "{C9621486-6314-4BDC-B3A0-25A16C4B90DC}"
EndProject
Project("{9A19103F-16F7-4668-BE54-9A1E7A4F7556}") = "OhNoThatsMinusOne", "Lesson_5\OhNoThatsMinusOne\OhNoThatsMinusOne.csproj", "{50AA7CC1-86B1-42F1-A68E-F6055950CD8F}"
EndProject
Project("{9A19103F-16F7-4668-BE54-9A1E7A4F7556}") = "RemoveArrayElement", "Lesson_5\RemoveArrayElement\RemoveArrayElement.csproj", "{36963F3E-2FCE-4428-873E-AD2B21881C0F}"
EndProject
Project("{9A19103F-16F7-4668-BE54-9A1E7A4F7556}") = "MergeArrays", "Lesson_5\MergeArrays\MergeArrays.csproj", "{63605D61-1072-4161-B49B-582040117A3E}"
EndProject
Project("{9A19103F-16F7-4668-BE54-9A1E7A4F7556}") = "SortedOrNot", "Lesson_5\SortedOrNot\SortedOrNot.csproj", "{FD64EC4A-CF25-4319-932B-957CF7A02B5B}"
EndProject
Project("{9A19103F-16F7-4668-BE54-9A1E7A4F7556}") = "SumOfEvenArrayElements", "Lesson_6\SumOfEvenArrayElements\SumOfEvenArrayElements.csproj", "{5E847B69-FA2B-4F74-988D-FAC83824894A}"
EndProject
Project("{9A19103F-16F7-4668-BE54-9A1E7A4F7556}") = "ProductOfArrayElements", "Lesson_6\ProductOfArrayElements\ProductOfArrayElements.csproj", "{DC15949F-353B-4065-A3EB-2088778033D9}"
EndProject
Project("{9A19103F-16F7-4668-BE54-9A1E7A4F7556}") = "ClassroomJournal", "Lesson_6\ClassroomJournal\ClassroomJournal.csproj", "{FF6B4DF6-E020-478C-B52A-E569945C2E35}"
EndProject
Project("{9A19103F-16F7-4668-BE54-9A1E7A4F7556}") = "SortingLastNames", "Lesson_6\SortingLastNames\SortingLastNames.csproj", "{66136ACF-FD94-4E25-8E64-1E0A89E80EAD}"
EndProject
Project("{9A19103F-16F7-4668-BE54-9A1E7A4F7556}") = "MatrixElements", "Lesson_6\MatrixElements\MatrixElements.csproj", "{165BF192-6B98-41E6-966F-6ED1163D604B}"
EndProject
Project("{9A19103F-16F7-4668-BE54-9A1E7A4F7556}") = "Calculator", "Lesson_7\Calculator\Calculator.csproj", "{8EB82902-F67F-4C7A-AC27-80C6AE5C692F}"
EndProject
Project("{9A19103F-16F7-4668-BE54-9A1E7A4F7556}") = "PostalAddresses", "Lesson_8\PostalAddresses\PostalAddresses.csproj", "{82B8CF75-056E-4FD5-A532-5742F909A16A}"
EndProject
Project("{FAE04EC0-301F-11D3-BF4B-00C04F79EFBC}") = "AreaAndPerimeter", "Lesson_9\AreaAndPerimeter\AreaAndPerimeter.csproj", "{F5AE9E10-2AB1-4ECD-AB1A-F0356C4A3B12}"
EndProject
Global
	GlobalSection(SolutionConfigurationPlatforms) = preSolution
		Debug|Any CPU = Debug|Any CPU
		Release|Any CPU = Release|Any CPU
	EndGlobalSection
	GlobalSection(ProjectConfigurationPlatforms) = postSolution
		{0FF34480-C6DE-4294-A6EA-CF1B933E60C8}.Debug|Any CPU.ActiveCfg = Debug|Any CPU
		{0FF34480-C6DE-4294-A6EA-CF1B933E60C8}.Debug|Any CPU.Build.0 = Debug|Any CPU
		{0FF34480-C6DE-4294-A6EA-CF1B933E60C8}.Release|Any CPU.ActiveCfg = Release|Any CPU
		{0FF34480-C6DE-4294-A6EA-CF1B933E60C8}.Release|Any CPU.Build.0 = Release|Any CPU
		{6B7DE00B-08EC-48EF-9FAD-6CBC2D419267}.Debug|Any CPU.ActiveCfg = Debug|Any CPU
		{6B7DE00B-08EC-48EF-9FAD-6CBC2D419267}.Debug|Any CPU.Build.0 = Debug|Any CPU
		{6B7DE00B-08EC-48EF-9FAD-6CBC2D419267}.Release|Any CPU.ActiveCfg = Release|Any CPU
		{6B7DE00B-08EC-48EF-9FAD-6CBC2D419267}.Release|Any CPU.Build.0 = Release|Any CPU
		{D9A5A38D-64B8-4604-AB76-5CDB853BE720}.Debug|Any CPU.ActiveCfg = Debug|Any CPU
		{D9A5A38D-64B8-4604-AB76-5CDB853BE720}.Debug|Any CPU.Build.0 = Debug|Any CPU
		{D9A5A38D-64B8-4604-AB76-5CDB853BE720}.Release|Any CPU.ActiveCfg = Release|Any CPU
		{D9A5A38D-64B8-4604-AB76-5CDB853BE720}.Release|Any CPU.Build.0 = Release|Any CPU
		{C41A2C7E-522B-43C2-834D-6B6DCC9A8CBE}.Debug|Any CPU.ActiveCfg = Debug|Any CPU
		{C41A2C7E-522B-43C2-834D-6B6DCC9A8CBE}.Debug|Any CPU.Build.0 = Debug|Any CPU
		{C41A2C7E-522B-43C2-834D-6B6DCC9A8CBE}.Release|Any CPU.ActiveCfg = Release|Any CPU
		{C41A2C7E-522B-43C2-834D-6B6DCC9A8CBE}.Release|Any CPU.Build.0 = Release|Any CPU
		{A7995797-B4FE-4874-8FD9-465012CFC7CB}.Debug|Any CPU.ActiveCfg = Debug|Any CPU
		{A7995797-B4FE-4874-8FD9-465012CFC7CB}.Debug|Any CPU.Build.0 = Debug|Any CPU
		{A7995797-B4FE-4874-8FD9-465012CFC7CB}.Release|Any CPU.ActiveCfg = Release|Any CPU
		{A7995797-B4FE-4874-8FD9-465012CFC7CB}.Release|Any CPU.Build.0 = Release|Any CPU
		{CE56E445-CF61-4AA8-B67C-0E067D4F9920}.Debug|Any CPU.ActiveCfg = Debug|Any CPU
		{CE56E445-CF61-4AA8-B67C-0E067D4F9920}.Debug|Any CPU.Build.0 = Debug|Any CPU
		{CE56E445-CF61-4AA8-B67C-0E067D4F9920}.Release|Any CPU.ActiveCfg = Release|Any CPU
		{CE56E445-CF61-4AA8-B67C-0E067D4F9920}.Release|Any CPU.Build.0 = Release|Any CPU
		{1302473E-A03A-4AA1-92A0-C141877F417B}.Debug|Any CPU.ActiveCfg = Debug|Any CPU
		{1302473E-A03A-4AA1-92A0-C141877F417B}.Debug|Any CPU.Build.0 = Debug|Any CPU
		{1302473E-A03A-4AA1-92A0-C141877F417B}.Release|Any CPU.ActiveCfg = Release|Any CPU
		{1302473E-A03A-4AA1-92A0-C141877F417B}.Release|Any CPU.Build.0 = Release|Any CPU
		{590B6B1F-D978-406C-8A26-9398F8CA1D91}.Debug|Any CPU.ActiveCfg = Debug|Any CPU
		{590B6B1F-D978-406C-8A26-9398F8CA1D91}.Debug|Any CPU.Build.0 = Debug|Any CPU
		{590B6B1F-D978-406C-8A26-9398F8CA1D91}.Release|Any CPU.ActiveCfg = Release|Any CPU
		{590B6B1F-D978-406C-8A26-9398F8CA1D91}.Release|Any CPU.Build.0 = Release|Any CPU
		{87A6D059-2615-443F-9C3E-59A5C3FAF87D}.Debug|Any CPU.ActiveCfg = Debug|Any CPU
		{87A6D059-2615-443F-9C3E-59A5C3FAF87D}.Debug|Any CPU.Build.0 = Debug|Any CPU
		{87A6D059-2615-443F-9C3E-59A5C3FAF87D}.Release|Any CPU.ActiveCfg = Release|Any CPU
		{87A6D059-2615-443F-9C3E-59A5C3FAF87D}.Release|Any CPU.Build.0 = Release|Any CPU
		{D3549B0F-94B3-4772-B37B-231952BA77BB}.Debug|Any CPU.ActiveCfg = Debug|Any CPU
		{D3549B0F-94B3-4772-B37B-231952BA77BB}.Debug|Any CPU.Build.0 = Debug|Any CPU
		{D3549B0F-94B3-4772-B37B-231952BA77BB}.Release|Any CPU.ActiveCfg = Release|Any CPU
		{D3549B0F-94B3-4772-B37B-231952BA77BB}.Release|Any CPU.Build.0 = Release|Any CPU
		{13C6A4E6-F165-421E-978D-278C4BF7DC3F}.Debug|Any CPU.ActiveCfg = Debug|Any CPU
		{13C6A4E6-F165-421E-978D-278C4BF7DC3F}.Debug|Any CPU.Build.0 = Debug|Any CPU
		{13C6A4E6-F165-421E-978D-278C4BF7DC3F}.Release|Any CPU.ActiveCfg = Release|Any CPU
		{13C6A4E6-F165-421E-978D-278C4BF7DC3F}.Release|Any CPU.Build.0 = Release|Any CPU
		{73065A6C-FE53-4553-B4F4-6F80DF1C11C2}.Debug|Any CPU.ActiveCfg = Debug|Any CPU
		{73065A6C-FE53-4553-B4F4-6F80DF1C11C2}.Debug|Any CPU.Build.0 = Debug|Any CPU
		{73065A6C-FE53-4553-B4F4-6F80DF1C11C2}.Release|Any CPU.ActiveCfg = Release|Any CPU
		{73065A6C-FE53-4553-B4F4-6F80DF1C11C2}.Release|Any CPU.Build.0 = Release|Any CPU
		{9DEAE5EE-816D-469D-AF92-AB2F3D4035DE}.Debug|Any CPU.ActiveCfg = Debug|Any CPU
		{9DEAE5EE-816D-469D-AF92-AB2F3D4035DE}.Debug|Any CPU.Build.0 = Debug|Any CPU
		{9DEAE5EE-816D-469D-AF92-AB2F3D4035DE}.Release|Any CPU.ActiveCfg = Release|Any CPU
		{9DEAE5EE-816D-469D-AF92-AB2F3D4035DE}.Release|Any CPU.Build.0 = Release|Any CPU
		{86CA1109-7879-4EFB-B4CC-EAA7154AD902}.Debug|Any CPU.ActiveCfg = Debug|Any CPU
		{86CA1109-7879-4EFB-B4CC-EAA7154AD902}.Debug|Any CPU.Build.0 = Debug|Any CPU
		{86CA1109-7879-4EFB-B4CC-EAA7154AD902}.Release|Any CPU.ActiveCfg = Release|Any CPU
		{86CA1109-7879-4EFB-B4CC-EAA7154AD902}.Release|Any CPU.Build.0 = Release|Any CPU
		{C9621486-6314-4BDC-B3A0-25A16C4B90DC}.Debug|Any CPU.ActiveCfg = Debug|Any CPU
		{C9621486-6314-4BDC-B3A0-25A16C4B90DC}.Debug|Any CPU.Build.0 = Debug|Any CPU
		{C9621486-6314-4BDC-B3A0-25A16C4B90DC}.Release|Any CPU.ActiveCfg = Release|Any CPU
		{C9621486-6314-4BDC-B3A0-25A16C4B90DC}.Release|Any CPU.Build.0 = Release|Any CPU
		{50AA7CC1-86B1-42F1-A68E-F6055950CD8F}.Debug|Any CPU.ActiveCfg = Debug|Any CPU
		{50AA7CC1-86B1-42F1-A68E-F6055950CD8F}.Debug|Any CPU.Build.0 = Debug|Any CPU
		{50AA7CC1-86B1-42F1-A68E-F6055950CD8F}.Release|Any CPU.ActiveCfg = Release|Any CPU
		{50AA7CC1-86B1-42F1-A68E-F6055950CD8F}.Release|Any CPU.Build.0 = Release|Any CPU
		{36963F3E-2FCE-4428-873E-AD2B21881C0F}.Debug|Any CPU.ActiveCfg = Debug|Any CPU
		{36963F3E-2FCE-4428-873E-AD2B21881C0F}.Debug|Any CPU.Build.0 = Debug|Any CPU
		{36963F3E-2FCE-4428-873E-AD2B21881C0F}.Release|Any CPU.ActiveCfg = Release|Any CPU
		{36963F3E-2FCE-4428-873E-AD2B21881C0F}.Release|Any CPU.Build.0 = Release|Any CPU
		{63605D61-1072-4161-B49B-582040117A3E}.Debug|Any CPU.ActiveCfg = Debug|Any CPU
		{63605D61-1072-4161-B49B-582040117A3E}.Debug|Any CPU.Build.0 = Debug|Any CPU
		{63605D61-1072-4161-B49B-582040117A3E}.Release|Any CPU.ActiveCfg = Release|Any CPU
		{63605D61-1072-4161-B49B-582040117A3E}.Release|Any CPU.Build.0 = Release|Any CPU
		{FD64EC4A-CF25-4319-932B-957CF7A02B5B}.Debug|Any CPU.ActiveCfg = Debug|Any CPU
		{FD64EC4A-CF25-4319-932B-957CF7A02B5B}.Debug|Any CPU.Build.0 = Debug|Any CPU
		{FD64EC4A-CF25-4319-932B-957CF7A02B5B}.Release|Any CPU.ActiveCfg = Release|Any CPU
		{FD64EC4A-CF25-4319-932B-957CF7A02B5B}.Release|Any CPU.Build.0 = Release|Any CPU
		{5E847B69-FA2B-4F74-988D-FAC83824894A}.Debug|Any CPU.ActiveCfg = Debug|Any CPU
		{5E847B69-FA2B-4F74-988D-FAC83824894A}.Debug|Any CPU.Build.0 = Debug|Any CPU
		{5E847B69-FA2B-4F74-988D-FAC83824894A}.Release|Any CPU.ActiveCfg = Release|Any CPU
		{5E847B69-FA2B-4F74-988D-FAC83824894A}.Release|Any CPU.Build.0 = Release|Any CPU
		{DC15949F-353B-4065-A3EB-2088778033D9}.Debug|Any CPU.ActiveCfg = Debug|Any CPU
		{DC15949F-353B-4065-A3EB-2088778033D9}.Debug|Any CPU.Build.0 = Debug|Any CPU
		{DC15949F-353B-4065-A3EB-2088778033D9}.Release|Any CPU.ActiveCfg = Release|Any CPU
		{DC15949F-353B-4065-A3EB-2088778033D9}.Release|Any CPU.Build.0 = Release|Any CPU
		{FF6B4DF6-E020-478C-B52A-E569945C2E35}.Debug|Any CPU.ActiveCfg = Debug|Any CPU
		{FF6B4DF6-E020-478C-B52A-E569945C2E35}.Debug|Any CPU.Build.0 = Debug|Any CPU
		{FF6B4DF6-E020-478C-B52A-E569945C2E35}.Release|Any CPU.ActiveCfg = Release|Any CPU
		{FF6B4DF6-E020-478C-B52A-E569945C2E35}.Release|Any CPU.Build.0 = Release|Any CPU
		{66136ACF-FD94-4E25-8E64-1E0A89E80EAD}.Debug|Any CPU.ActiveCfg = Debug|Any CPU
		{66136ACF-FD94-4E25-8E64-1E0A89E80EAD}.Debug|Any CPU.Build.0 = Debug|Any CPU
		{66136ACF-FD94-4E25-8E64-1E0A89E80EAD}.Release|Any CPU.ActiveCfg = Release|Any CPU
		{66136ACF-FD94-4E25-8E64-1E0A89E80EAD}.Release|Any CPU.Build.0 = Release|Any CPU
		{165BF192-6B98-41E6-966F-6ED1163D604B}.Debug|Any CPU.ActiveCfg = Debug|Any CPU
		{165BF192-6B98-41E6-966F-6ED1163D604B}.Debug|Any CPU.Build.0 = Debug|Any CPU
		{165BF192-6B98-41E6-966F-6ED1163D604B}.Release|Any CPU.ActiveCfg = Release|Any CPU
		{165BF192-6B98-41E6-966F-6ED1163D604B}.Release|Any CPU.Build.0 = Release|Any CPU
		{8EB82902-F67F-4C7A-AC27-80C6AE5C692F}.Debug|Any CPU.ActiveCfg = Debug|Any CPU
		{8EB82902-F67F-4C7A-AC27-80C6AE5C692F}.Debug|Any CPU.Build.0 = Debug|Any CPU
		{8EB82902-F67F-4C7A-AC27-80C6AE5C692F}.Release|Any CPU.ActiveCfg = Release|Any CPU
		{8EB82902-F67F-4C7A-AC27-80C6AE5C692F}.Release|Any CPU.Build.0 = Release|Any CPU
		{82B8CF75-056E-4FD5-A532-5742F909A16A}.Debug|Any CPU.ActiveCfg = Debug|Any CPU
		{82B8CF75-056E-4FD5-A532-5742F909A16A}.Debug|Any CPU.Build.0 = Debug|Any CPU
		{82B8CF75-056E-4FD5-A532-5742F909A16A}.Release|Any CPU.ActiveCfg = Release|Any CPU
		{82B8CF75-056E-4FD5-A532-5742F909A16A}.Release|Any CPU.Build.0 = Release|Any CPU
		{F5AE9E10-2AB1-4ECD-AB1A-F0356C4A3B12}.Debug|Any CPU.ActiveCfg = Debug|Any CPU
		{F5AE9E10-2AB1-4ECD-AB1A-F0356C4A3B12}.Debug|Any CPU.Build.0 = Debug|Any CPU
		{F5AE9E10-2AB1-4ECD-AB1A-F0356C4A3B12}.Release|Any CPU.ActiveCfg = Release|Any CPU
		{F5AE9E10-2AB1-4ECD-AB1A-F0356C4A3B12}.Release|Any CPU.Build.0 = Release|Any CPU
	EndGlobalSection
	GlobalSection(SolutionProperties) = preSolution
		HideSolutionNode = FALSE
	EndGlobalSection
	GlobalSection(ExtensibilityGlobals) = postSolution
		SolutionGuid = {81AF006C-2F29-4AA2-A5D1-483B955B63A1}
	EndGlobalSection
EndGlobal
